
Microsoft Visual Studio Solution File, Format Version 12.00
# Visual Studio 15
Project("{FAE04EC0-301F-11D3-BF4B-00C04F79EFBC}") = "enginematching", "enginematching\enginematching.csproj", "{DFCB7C45-CED5-4443-B4F1-90F8E8C5AC83}"
EndProject
Global
	GlobalSection(SolutionConfigurationPlatforms) = preSolution
		Debug|x86 = Debug|x86
		Release|x86 = Release|x86
	EndGlobalSection
	GlobalSection(ProjectConfigurationPlatforms) = postSolution
		{DFCB7C45-CED5-4443-B4F1-90F8E8C5AC83}.Debug|x86.ActiveCfg = Debug|x86
		{DFCB7C45-CED5-4443-B4F1-90F8E8C5AC83}.Debug|x86.Build.0 = Debug|x86
		{DFCB7C45-CED5-4443-B4F1-90F8E8C5AC83}.Release|x86.ActiveCfg = Release|x86
		{DFCB7C45-CED5-4443-B4F1-90F8E8C5AC83}.Release|x86.Build.0 = Release|x86
	EndGlobalSection
EndGlobal
